[[dependencies]]
name = "forge-std"
version = "1.11.0"
url = "https://soldeer-revisions.s3.amazonaws.com/forge-std/1_11_0_09-10-2025_06:23:22_forge-std-1.11.zip"
checksum = "0290ef84c693dc9086f98f6a9b4a69dc5c2b6aa1cfe10a989bd1def1a456c099"
integrity = "84aa7d32f8c7329468cf16f31f0f74e68072e634fdbde98f3bb00c6b136103b2"

[[dependencies]]
name = "octant-v2-core"
version = "v0.8.0-develop.0"
git = "https://github.com/golemfoundation/octant-v2-core.git"
rev = "58d698ee0cb0a7c993c92adc6239f22ed5140ac2"

[[dependencies]]
name = "openzeppelin-contracts"
version = "v5.5.0@fcbae5394ae8ad52d8e580a3477db99814b9d565"
git = "https://github.com/OpenZeppelin/openzeppelin-contracts.git"
rev = "8631702babdb0a3890c470e0c9aebf9bc28c3637"
